
Microsoft Visual Studio Solution File, Format Version 12.00
# Visual Studio Version 17
VisualStudioVersion = 17.9.34622.214
MinimumVisualStudioVersion = 10.0.40219.1
Project("{FAE04EC0-301F-11D3-BF4B-00C04F79EFBC}") = "Lab3_Server", "Lab3_Server.csproj", "{7D34F4B3-1B21-4500-848E-96A0D4427BFA}"
EndProject
Global
	GlobalSection(SolutionConfigurationPlatforms) = preSolution
		Debug|Any CPU = Debug|Any CPU
		Release|Any CPU = Release|Any CPU
	EndGlobalSection
	GlobalSection(ProjectConfigurationPlatforms) = postSolution
		{7D34F4B3-1B21-4500-848E-96A0D4427BFA}.Debug|Any CPU.ActiveCfg = Debug|Any CPU
		{7D34F4B3-1B21-4500-848E-96A0D4427BFA}.Debug|Any CPU.Build.0 = Debug|Any CPU
		{7D34F4B3-1B21-4500-848E-96A0D4427BFA}.Release|Any CPU.ActiveCfg = Release|Any CPU
		{7D34F4B3-1B21-4500-848E-96A0D4427BFA}.Release|Any CPU.Build.0 = Release|Any CPU
	EndGlobalSection
	GlobalSection(SolutionProperties) = preSolution
		HideSolutionNode = FALSE
	EndGlobalSection
	GlobalSection(ExtensibilityGlobals) = postSolution
		SolutionGuid = {56700DF8-6DC9-4E70-90D7-FF6696E5BA43}
	EndGlobalSection
EndGlobal
